
Microsoft Visual Studio Solution File, Format Version 10.00
# Visual Studio 2008
Project("{8BC9CEB8-8B4A-11D0-8D11-00A0C91BC942}") = "netpac", "netpac\netpac2008.vcproj", "{155709FA-FB35-4530-895A-C8BA7061889E}"
EndProject
Global
	GlobalSection(SolutionConfigurationPlatforms) = preSolution
		Debug|Win32 = Debug|Win32
		Release|Win32 = Release|Win32
	EndGlobalSection
	GlobalSection(ProjectConfigurationPlatforms) = postSolution
		{155709FA-FB35-4530-895A-C8BA7061889E}.Debug|Win32.ActiveCfg = Debug|Win32
		{155709FA-FB35-4530-895A-C8BA7061889E}.Debug|Win32.Build.0 = Debug|Win32
		{155709FA-FB35-4530-895A-C8BA7061889E}.Release|Win32.ActiveCfg = Release|Win32
		{155709FA-FB35-4530-895A-C8BA7061889E}.Release|Win32.Build.0 = Release|Win32
	EndGlobalSection
	GlobalSection(SolutionProperties) = preSolution
		HideSolutionNode = FALSE
	EndGlobalSection
EndGlobal
